// !$*UTF8*$!
{
	archiveVersion = 1;
	classes = {
	};
	objectVersion = 46;
	objects = {

/* Begin PBXBuildFile section */
		CF03AD0C1BF24581008EAF06 /* File.swift in Sources */ = {isa = PBXBuildFile; fileRef = CF03AD0B1BF24581008EAF06 /* File.swift */; };
		CF14863A1BE6841B00E92097 /* condition_report.jpg in Resources */ = {isa = PBXBuildFile; fileRef = CF1486351BE6841B00E92097 /* condition_report.jpg */; };
		CF14863B1BE6841B00E92097 /* diagnosis.png in Resources */ = {isa = PBXBuildFile; fileRef = CF1486361BE6841B00E92097 /* diagnosis.png */; };
		CF14863C1BE6841B00E92097 /* diet_report.png in Resources */ = {isa = PBXBuildFile; fileRef = CF1486371BE6841B00E92097 /* diet_report.png */; };
		CF14863D1BE6841B00E92097 /* lab_results.jpeg in Resources */ = {isa = PBXBuildFile; fileRef = CF1486381BE6841B00E92097 /* lab_results.jpeg */; };
		CF14863E1BE6841B00E92097 /* treatment.jpg in Resources */ = {isa = PBXBuildFile; fileRef = CF1486391BE6841B00E92097 /* treatment.jpg */; };
		CF1486441BE687B700E92097 /* medications.jpg in Resources */ = {isa = PBXBuildFile; fileRef = CF1486431BE687B700E92097 /* medications.jpg */; };
		CF1486471BE6894C00E92097 /* home-32.png in Resources */ = {isa = PBXBuildFile; fileRef = CF1486451BE6894C00E92097 /* home-32.png */; };
		CF1486481BE6894C00E92097 /* user_shield_filled-32.png in Resources */ = {isa = PBXBuildFile; fileRef = CF1486461BE6894C00E92097 /* user_shield_filled-32.png */; };
		CF14864A1BE68A8E00E92097 /* HomeViewController.swift in Sources */ = {isa = PBXBuildFile; fileRef = CF1486491BE68A8E00E92097 /* HomeViewController.swift */; };
		CF14864D1BE692BA00E92097 /* LabResultTableViewController.swift in Sources */ = {isa = PBXBuildFile; fileRef = CF14864C1BE692BA00E92097 /* LabResultTableViewController.swift */; };
		CF14864F1BE6938E00E92097 /* ConditionReportTableViewController.swift in Sources */ = {isa = PBXBuildFile; fileRef = CF14864E1BE6938E00E92097 /* ConditionReportTableViewController.swift */; };
		CF1486511BE693A300E92097 /* DietReportTableViewController.swift in Sources */ = {isa = PBXBuildFile; fileRef = CF1486501BE693A300E92097 /* DietReportTableViewController.swift */; };
		CF1486531BE693B500E92097 /* DiagnosisTableViewController.swift in Sources */ = {isa = PBXBuildFile; fileRef = CF1486521BE693B500E92097 /* DiagnosisTableViewController.swift */; };
		CF1486551BE693CB00E92097 /* TreatmentTableViewController.swift in Sources */ = {isa = PBXBuildFile; fileRef = CF1486541BE693CB00E92097 /* TreatmentTableViewController.swift */; };
		CF1486571BE693D900E92097 /* MedicationsTableViewController.swift in Sources */ = {isa = PBXBuildFile; fileRef = CF1486561BE693D900E92097 /* MedicationsTableViewController.swift */; };
		CF65A7421BE7C4AD00AE2A46 /* Manifest.swift in Sources */ = {isa = PBXBuildFile; fileRef = CF65A7411BE7C4AD00AE2A46 /* Manifest.swift */; };
		CF65A7451BE7C4D700AE2A46 /* Constants.swift in Sources */ = {isa = PBXBuildFile; fileRef = CF65A7441BE7C4D700AE2A46 /* Constants.swift */; };
		CF65A75B1BE8021700AE2A46 /* LabResultTypeTableView.swift in Sources */ = {isa = PBXBuildFile; fileRef = CF65A75A1BE8021700AE2A46 /* LabResultTypeTableView.swift */; };
		CF9F009E1BE2A9E000880D5E /* AppDelegate.swift in Sources */ = {isa = PBXBuildFile; fileRef = CF9F009D1BE2A9E000880D5E /* AppDelegate.swift */; };
		CF9F00A31BE2A9E000880D5E /* Main.storyboard in Resources */ = {isa = PBXBuildFile; fileRef = CF9F00A11BE2A9E000880D5E /* Main.storyboard */; };
		CF9F00A51BE2A9E000880D5E /* Assets.xcassets in Resources */ = {isa = PBXBuildFile; fileRef = CF9F00A41BE2A9E000880D5E /* Assets.xcassets */; };
		CF9F00A81BE2A9E000880D5E /* LaunchScreen.storyboard in Resources */ = {isa = PBXBuildFile; fileRef = CF9F00A61BE2A9E000880D5E /* LaunchScreen.storyboard */; };
		CF9F00B01BE2AA1F00880D5E /* Podfile in Resources */ = {isa = PBXBuildFile; fileRef = CF9F00AF1BE2AA1F00880D5E /* Podfile */; };
		CF9F00B31BE2AB9600880D5E /* login_wallpaper.jpg in Resources */ = {isa = PBXBuildFile; fileRef = CF9F00B21BE2AB9600880D5E /* login_wallpaper.jpg */; };
		CFB342591C075633002DAD88 /* LabCell.swift in Sources */ = {isa = PBXBuildFile; fileRef = CFB342581C075633002DAD88 /* LabCell.swift */; };
		CFB66BF61BF7839A006F072B /* MedCell.swift in Sources */ = {isa = PBXBuildFile; fileRef = CFB66BF51BF7839A006F072B /* MedCell.swift */; };
		CFB66BF91BF78D36006F072B /* NewMedicationTableView.swift in Sources */ = {isa = PBXBuildFile; fileRef = CFB66BF81BF78D36006F072B /* NewMedicationTableView.swift */; };
		CFDA755D1C57036000C3E79E /* ChangePasswordFormViewController.swift in Sources */ = {isa = PBXBuildFile; fileRef = CFDA755C1C57036000C3E79E /* ChangePasswordFormViewController.swift */; };
		CFE1420F1BF2CCB90023E48C /* SettingsTableViewController.swift in Sources */ = {isa = PBXBuildFile; fileRef = CFE1420E1BF2CCB90023E48C /* SettingsTableViewController.swift */; };
		CFFCE3391BE5088700285320 /* envelope.png in Resources */ = {isa = PBXBuildFile; fileRef = CFFCE3371BE5088700285320 /* envelope.png */; };
		CFFCE33A1BE5088700285320 /* settings.png in Resources */ = {isa = PBXBuildFile; fileRef = CFFCE3381BE5088700285320 /* settings.png */; };
		CFFF186C1BE407FD0009889B /* home.jpg in Resources */ = {isa = PBXBuildFile; fileRef = CFFF186B1BE407FD0009889B /* home.jpg */; };
		CFFF186E1BE408230009889B /* LoginViewController.swift in Sources */ = {isa = PBXBuildFile; fileRef = CFFF186D1BE408230009889B /* LoginViewController.swift */; };
		CFFF18701BE40C3D0009889B /* SignupViewController.swift in Sources */ = {isa = PBXBuildFile; fileRef = CFFF186F1BE40C3D0009889B /* SignupViewController.swift */; };
		CFFF18751BE45D780009889B /* UIViewController+SharedUIMethods.swift in Sources */ = {isa = PBXBuildFile; fileRef = CFFF18741BE45D780009889B /* UIViewController+SharedUIMethods.swift */; };
		F213796FF1DA049DFC15C419 /* Pods.framework in Frameworks */ = {isa = PBXBuildFile; fileRef = 46E6C7C465E3819C41AC8F15 /* Pods.framework */; settings = {ATTRIBUTES = (Weak, ); }; };
/* End PBXBuildFile section */

/* Begin PBXFileReference section */
		46E6C7C465E3819C41AC8F15 /* Pods.framework */ = {isa = PBXFileReference; explicitFileType = wrapper.framework; includeInIndex = 0; path = Pods.framework; sourceTree = BUILT_PRODUCTS_DIR; };
		73162DC1405246BB246F610A /* Pods.release.xcconfig */ = {isa = PBXFileReference; includeInIndex = 1; lastKnownFileType = text.xcconfig; name = Pods.release.xcconfig; path = "Pods/Target Support Files/Pods/Pods.release.xcconfig"; sourceTree = "<group>"; };
		CF03AD0B1BF24581008EAF06 /* File.swift */ = {isa = PBXFileReference; fileEncoding = 4; lastKnownFileType = sourcecode.swift; path = File.swift; sourceTree = "<group>"; };
		CF1486351BE6841B00E92097 /* condition_report.jpg */ = {isa = PBXFileReference; lastKnownFileType = image.jpeg; name = condition_report.jpg; path = Images/condition_report.jpg; sourceTree = "<group>"; };
		CF1486361BE6841B00E92097 /* diagnosis.png */ = {isa = PBXFileReference; lastKnownFileType = image.png; name = diagnosis.png; path = Images/diagnosis.png; sourceTree = "<group>"; };
		CF1486371BE6841B00E92097 /* diet_report.png */ = {isa = PBXFileReference; lastKnownFileType = image.png; name = diet_report.png; path = Images/diet_report.png; sourceTree = "<group>"; };
		CF1486381BE6841B00E92097 /* lab_results.jpeg */ = {isa = PBXFileReference; lastKnownFileType = image.jpeg; name = lab_results.jpeg; path = Images/lab_results.jpeg; sourceTree = "<group>"; };
		CF1486391BE6841B00E92097 /* treatment.jpg */ = {isa = PBXFileReference; lastKnownFileType = image.jpeg; name = treatment.jpg; path = Images/treatment.jpg; sourceTree = "<group>"; };
		CF1486431BE687B700E92097 /* medications.jpg */ = {isa = PBXFileReference; lastKnownFileType = image.jpeg; name = medications.jpg; path = Images/medications.jpg; sourceTree = "<group>"; };
		CF1486451BE6894C00E92097 /* home-32.png */ = {isa = PBXFileReference; lastKnownFileType = image.png; name = "home-32.png"; path = "Images/tab_icons/home-32.png"; sourceTree = "<group>"; };
		CF1486461BE6894C00E92097 /* user_shield_filled-32.png */ = {isa = PBXFileReference; lastKnownFileType = image.png; name = "user_shield_filled-32.png"; path = "Images/tab_icons/user_shield_filled-32.png"; sourceTree = "<group>"; };
		CF1486491BE68A8E00E92097 /* HomeViewController.swift */ = {isa = PBXFileReference; fileEncoding = 4; lastKnownFileType = sourcecode.swift; path = HomeViewController.swift; sourceTree = "<group>"; };
		CF14864C1BE692BA00E92097 /* LabResultTableViewController.swift */ = {isa = PBXFileReference; fileEncoding = 4; lastKnownFileType = sourcecode.swift; path = LabResultTableViewController.swift; sourceTree = "<group>"; };
		CF14864E1BE6938E00E92097 /* ConditionReportTableViewController.swift */ = {isa = PBXFileReference; fileEncoding = 4; lastKnownFileType = sourcecode.swift; path = ConditionReportTableViewController.swift; sourceTree = "<group>"; };
		CF1486501BE693A300E92097 /* DietReportTableViewController.swift */ = {isa = PBXFileReference; fileEncoding = 4; lastKnownFileType = sourcecode.swift; path = DietReportTableViewController.swift; sourceTree = "<group>"; };
		CF1486521BE693B500E92097 /* DiagnosisTableViewController.swift */ = {isa = PBXFileReference; fileEncoding = 4; lastKnownFileType = sourcecode.swift; path = DiagnosisTableViewController.swift; sourceTree = "<group>"; };
		CF1486541BE693CB00E92097 /* TreatmentTableViewController.swift */ = {isa = PBXFileReference; fileEncoding = 4; lastKnownFileType = sourcecode.swift; path = TreatmentTableViewController.swift; sourceTree = "<group>"; };
		CF1486561BE693D900E92097 /* MedicationsTableViewController.swift */ = {isa = PBXFileReference; fileEncoding = 4; lastKnownFileType = sourcecode.swift; path = MedicationsTableViewController.swift; sourceTree = "<group>"; };
		CF65A7411BE7C4AD00AE2A46 /* Manifest.swift */ = {isa = PBXFileReference; fileEncoding = 4; lastKnownFileType = sourcecode.swift; path = Manifest.swift; sourceTree = "<group>"; };
		CF65A7441BE7C4D700AE2A46 /* Constants.swift */ = {isa = PBXFileReference; fileEncoding = 4; lastKnownFileType = sourcecode.swift; path = Constants.swift; sourceTree = "<group>"; };
		CF65A75A1BE8021700AE2A46 /* LabResultTypeTableView.swift */ = {isa = PBXFileReference; fileEncoding = 4; lastKnownFileType = sourcecode.swift; path = LabResultTypeTableView.swift; sourceTree = "<group>"; };
		CF9F009A1BE2A9E000880D5E /* DiabetesTracking.app */ = {isa = PBXFileReference; explicitFileType = wrapper.application; includeInIndex = 0; path = DiabetesTracking.app; sourceTree = BUILT_PRODUCTS_DIR; };
		CF9F009D1BE2A9E000880D5E /* AppDelegate.swift */ = {isa = PBXFileReference; lastKnownFileType = sourcecode.swift; path = AppDelegate.swift; sourceTree = "<group>"; };
		CF9F00A21BE2A9E000880D5E /* Base */ = {isa = PBXFileReference; lastKnownFileType = file.storyboard; name = Base; path = Base.lproj/Main.storyboard; sourceTree = "<group>"; };
		CF9F00A41BE2A9E000880D5E /* Assets.xcassets */ = {isa = PBXFileReference; lastKnownFileType = folder.assetcatalog; path = Assets.xcassets; sourceTree = "<group>"; };
		CF9F00A71BE2A9E000880D5E /* Base */ = {isa = PBXFileReference; lastKnownFileType = file.storyboard; name = Base; path = Base.lproj/LaunchScreen.storyboard; sourceTree = "<group>"; };
		CF9F00A91BE2A9E000880D5E /* Info.plist */ = {isa = PBXFileReference; lastKnownFileType = text.plist.xml; path = Info.plist; sourceTree = "<group>"; };
		CF9F00AF1BE2AA1F00880D5E /* Podfile */ = {isa = PBXFileReference; fileEncoding = 4; lastKnownFileType = text; path = Podfile; sourceTree = "<group>"; };
		CF9F00B21BE2AB9600880D5E /* login_wallpaper.jpg */ = {isa = PBXFileReference; lastKnownFileType = image.jpeg; name = login_wallpaper.jpg; path = Images/login_wallpaper.jpg; sourceTree = "<group>"; };
		CFB342581C075633002DAD88 /* LabCell.swift */ = {isa = PBXFileReference; fileEncoding = 4; lastKnownFileType = sourcecode.swift; path = LabCell.swift; sourceTree = "<group>"; };
		CFB66BF51BF7839A006F072B /* MedCell.swift */ = {isa = PBXFileReference; fileEncoding = 4; lastKnownFileType = sourcecode.swift; path = MedCell.swift; sourceTree = "<group>"; };
		CFB66BF81BF78D36006F072B /* NewMedicationTableView.swift */ = {isa = PBXFileReference; fileEncoding = 4; lastKnownFileType = sourcecode.swift; path = NewMedicationTableView.swift; sourceTree = "<group>"; };
		CFDA755C1C57036000C3E79E /* ChangePasswordFormViewController.swift */ = {isa = PBXFileReference; fileEncoding = 4; lastKnownFileType = sourcecode.swift; path = ChangePasswordFormViewController.swift; sourceTree = "<group>"; };
		CFE1420B1BF281900023E48C /* DiabetesTracking-Bridging-Header.h */ = {isa = PBXFileReference; lastKnownFileType = sourcecode.c.h; path = "DiabetesTracking-Bridging-Header.h"; sourceTree = "<group>"; };
		CFE1420E1BF2CCB90023E48C /* SettingsTableViewController.swift */ = {isa = PBXFileReference; fileEncoding = 4; lastKnownFileType = sourcecode.swift; path = SettingsTableViewController.swift; sourceTree = "<group>"; };
		CFFCE3371BE5088700285320 /* envelope.png */ = {isa = PBXFileReference; lastKnownFileType = image.png; name = envelope.png; path = Images/leftViewIcons/envelope.png; sourceTree = "<group>"; };
		CFFCE3381BE5088700285320 /* settings.png */ = {isa = PBXFileReference; lastKnownFileType = image.png; name = settings.png; path = Images/leftViewIcons/settings.png; sourceTree = "<group>"; };
		CFFF186B1BE407FD0009889B /* home.jpg */ = {isa = PBXFileReference; lastKnownFileType = image.jpeg; name = home.jpg; path = Images/home.jpg; sourceTree = "<group>"; };
		CFFF186D1BE408230009889B /* LoginViewController.swift */ = {isa = PBXFileReference; fileEncoding = 4; lastKnownFileType = sourcecode.swift; path = LoginViewController.swift; sourceTree = "<group>"; };
		CFFF186F1BE40C3D0009889B /* SignupViewController.swift */ = {isa = PBXFileReference; fileEncoding = 4; lastKnownFileType = sourcecode.swift; path = SignupViewController.swift; sourceTree = "<group>"; };
		CFFF18741BE45D780009889B /* UIViewController+SharedUIMethods.swift */ = {isa = PBXFileReference; fileEncoding = 4; lastKnownFileType = sourcecode.swift; path = "UIViewController+SharedUIMethods.swift"; sourceTree = "<group>"; };
		D6EB677E82D0CD9836BC8DC7 /* Pods.debug.xcconfig */ = {isa = PBXFileReference; includeInIndex = 1; lastKnownFileType = text.xcconfig; name = Pods.debug.xcconfig; path = "Pods/Target Support Files/Pods/Pods.debug.xcconfig"; sourceTree = "<group>"; };
/* End PBXFileReference section */

/* Begin PBXFrameworksBuildPhase section */
		CF9F00971BE2A9E000880D5E /* Frameworks */ = {
			isa = PBXFrameworksBuildPhase;
			buildActionMask = 2147483647;
			files = (
				F213796FF1DA049DFC15C419 /* Pods.framework in Frameworks */,
			);
			runOnlyForDeploymentPostprocessing = 0;
		};
/* End PBXFrameworksBuildPhase section */

/* Begin PBXGroup section */
		B7CCEF48035D547761269FF0 /* Frameworks */ = {
			isa = PBXGroup;
			children = (
				46E6C7C465E3819C41AC8F15 /* Pods.framework */,
			);
			name = Frameworks;
			sourceTree = "<group>";
		};
		C2E57690670020447D259FDF /* Pods */ = {
			isa = PBXGroup;
			children = (
				D6EB677E82D0CD9836BC8DC7 /* Pods.debug.xcconfig */,
				73162DC1405246BB246F610A /* Pods.release.xcconfig */,
			);
			name = Pods;
			sourceTree = "<group>";
		};
		CF14864B1BE6928800E92097 /* Home */ = {
			isa = PBXGroup;
			children = (
				CFB66BF71BF78D18006F072B /* Medications */,
				CF65A7591BE801F300AE2A46 /* LabResult */,
				CF14864C1BE692BA00E92097 /* LabResultTableViewController.swift */,
				CF14864E1BE6938E00E92097 /* ConditionReportTableViewController.swift */,
				CF1486501BE693A300E92097 /* DietReportTableViewController.swift */,
				CF1486521BE693B500E92097 /* DiagnosisTableViewController.swift */,
				CF1486541BE693CB00E92097 /* TreatmentTableViewController.swift */,
				CF1486561BE693D900E92097 /* MedicationsTableViewController.swift */,
			);
			name = Home;
			sourceTree = "<group>";
		};
		CF65A7431BE7C4C500AE2A46 /* Constants */ = {
			isa = PBXGroup;
			children = (
				CF65A7441BE7C4D700AE2A46 /* Constants.swift */,
			);
			name = Constants;
			sourceTree = "<group>";
		};
		CF65A7591BE801F300AE2A46 /* LabResult */ = {
			isa = PBXGroup;
			children = (
				CF65A75A1BE8021700AE2A46 /* LabResultTypeTableView.swift */,
			);
			name = LabResult;
			sourceTree = "<group>";
		};
		CF9F00911BE2A9E000880D5E = {
			isa = PBXGroup;
			children = (
				CF9F00B11BE2AB7F00880D5E /* Images */,
				CF9F00AF1BE2AA1F00880D5E /* Podfile */,
				CF9F009C1BE2A9E000880D5E /* DiabetesTracking */,
				CF9F009B1BE2A9E000880D5E /* Products */,
				C2E57690670020447D259FDF /* Pods */,
				B7CCEF48035D547761269FF0 /* Frameworks */,
				CFE1420B1BF281900023E48C /* DiabetesTracking-Bridging-Header.h */,
			);
			sourceTree = "<group>";
		};
		CF9F009B1BE2A9E000880D5E /* Products */ = {
			isa = PBXGroup;
			children = (
				CF9F009A1BE2A9E000880D5E /* DiabetesTracking.app */,
			);
			name = Products;
			sourceTree = "<group>";
		};
		CF9F009C1BE2A9E000880D5E /* DiabetesTracking */ = {
			isa = PBXGroup;
			children = (
				CFB66BF41BF7830E006F072B /* Cells */,
				CFFF18711BE45AC00009889B /* Utils */,
				CFFF186A1BE3FFAB0009889B /* AfterLogin */,
				CFFF18691BE3FFA10009889B /* BeforeLogin */,
				CF9F009D1BE2A9E000880D5E /* AppDelegate.swift */,
				CF9F00A11BE2A9E000880D5E /* Main.storyboard */,
				CF9F00A41BE2A9E000880D5E /* Assets.xcassets */,
				CF9F00A61BE2A9E000880D5E /* LaunchScreen.storyboard */,
				CF9F00A91BE2A9E000880D5E /* Info.plist */,
			);
			path = DiabetesTracking;
			sourceTree = "<group>";
		};
		CF9F00B11BE2AB7F00880D5E /* Images */ = {
			isa = PBXGroup;
			children = (
				CF1486451BE6894C00E92097 /* home-32.png */,
				CF1486461BE6894C00E92097 /* user_shield_filled-32.png */,
				CF1486431BE687B700E92097 /* medications.jpg */,
				CF1486351BE6841B00E92097 /* condition_report.jpg */,
				CF1486361BE6841B00E92097 /* diagnosis.png */,
				CF1486371BE6841B00E92097 /* diet_report.png */,
				CF1486381BE6841B00E92097 /* lab_results.jpeg */,
				CF1486391BE6841B00E92097 /* treatment.jpg */,
				CFFCE3371BE5088700285320 /* envelope.png */,
				CFFCE3381BE5088700285320 /* settings.png */,
				CFFF186B1BE407FD0009889B /* home.jpg */,
				CF9F00B21BE2AB9600880D5E /* login_wallpaper.jpg */,
			);
			name = Images;
			sourceTree = "<group>";
		};
		CFB66BF41BF7830E006F072B /* Cells */ = {
			isa = PBXGroup;
			children = (
				CFB66BF51BF7839A006F072B /* MedCell.swift */,
				CFB342581C075633002DAD88 /* LabCell.swift */,
			);
			name = Cells;
			sourceTree = "<group>";
		};
		CFB66BF71BF78D18006F072B /* Medications */ = {
			isa = PBXGroup;
			children = (
				CFB66BF81BF78D36006F072B /* NewMedicationTableView.swift */,
			);
			name = Medications;
			sourceTree = "<group>";
		};
		CFDA755B1C57034400C3E79E /* Settings */ = {
			isa = PBXGroup;
			children = (
				CFDA755C1C57036000C3E79E /* ChangePasswordFormViewController.swift */,
			);
			name = Settings;
			sourceTree = "<group>";
		};
		CFFF18691BE3FFA10009889B /* BeforeLogin */ = {
			isa = PBXGroup;
			children = (
				CFFF186D1BE408230009889B /* LoginViewController.swift */,
				CFFF186F1BE40C3D0009889B /* SignupViewController.swift */,
			);
			name = BeforeLogin;
			sourceTree = "<group>";
		};
		CFFF186A1BE3FFAB0009889B /* AfterLogin */ = {
			isa = PBXGroup;
			children = (
				CFDA755B1C57034400C3E79E /* Settings */,
				CF14864B1BE6928800E92097 /* Home */,
				CF1486491BE68A8E00E92097 /* HomeViewController.swift */,
				CFE1420E1BF2CCB90023E48C /* SettingsTableViewController.swift */,
			);
			name = AfterLogin;
			sourceTree = "<group>";
		};
		CFFF18711BE45AC00009889B /* Utils */ = {
			isa = PBXGroup;
			children = (
				CF65A7431BE7C4C500AE2A46 /* Constants */,
				CFFF18731BE45AFA0009889B /* Categories */,
				CFFF18721BE45AE00009889B /* Tools */,
			);
			name = Utils;
			sourceTree = "<group>";
		};
		CFFF18721BE45AE00009889B /* Tools */ = {
			isa = PBXGroup;
			children = (
				CF65A7411BE7C4AD00AE2A46 /* Manifest.swift */,
				CF03AD0B1BF24581008EAF06 /* File.swift */,
			);
			name = Tools;
			sourceTree = "<group>";
		};
		CFFF18731BE45AFA0009889B /* Categories */ = {
			isa = PBXGroup;
			children = (
				CFFF18741BE45D780009889B /* UIViewController+SharedUIMethods.swift */,
			);
			name = Categories;
			sourceTree = "<group>";
		};
/* End PBXGroup section */

/* Begin PBXNativeTarget section */
		CF9F00991BE2A9E000880D5E /* DiabetesTracking */ = {
			isa = PBXNativeTarget;
			buildConfigurationList = CF9F00AC1BE2A9E000880D5E /* Build configuration list for PBXNativeTarget "DiabetesTracking" */;
			buildPhases = (
				0121E41AA230A60122295869 /* Check Pods Manifest.lock */,
				CF9F00961BE2A9E000880D5E /* Sources */,
				CF9F00971BE2A9E000880D5E /* Frameworks */,
				CF9F00981BE2A9E000880D5E /* Resources */,
				BFC9A791B42BEAB5C9440E66 /* Copy Pods Resources */,
				66A2FB4DBF9787AEE057E521 /* Embed Pods Frameworks */,
			);
			buildRules = (
			);
			dependencies = (
			);
			name = DiabetesTracking;
			productName = DiabetesTracking;
			productReference = CF9F009A1BE2A9E000880D5E /* DiabetesTracking.app */;
			productType = "com.apple.product-type.application";
		};
/* End PBXNativeTarget section */

/* Begin PBXProject section */
		CF9F00921BE2A9E000880D5E /* Project object */ = {
			isa = PBXProject;
			attributes = {
				LastSwiftUpdateCheck = 0710;
				LastUpgradeCheck = 0710;
				ORGANIZATIONNAME = EFA;
				TargetAttributes = {
					CF9F00991BE2A9E000880D5E = {
						CreatedOnToolsVersion = 7.1;
					};
				};
			};
			buildConfigurationList = CF9F00951BE2A9E000880D5E /* Build configuration list for PBXProject "DiabetesTracking" */;
			compatibilityVersion = "Xcode 3.2";
			developmentRegion = English;
			hasScannedForEncodings = 0;
			knownRegions = (
				en,
				Base,
			);
			mainGroup = CF9F00911BE2A9E000880D5E;
			productRefGroup = CF9F009B1BE2A9E000880D5E /* Products */;
			projectDirPath = "";
			projectRoot = "";
			targets = (
				CF9F00991BE2A9E000880D5E /* DiabetesTracking */,
			);
		};
/* End PBXProject section */

/* Begin PBXResourcesBuildPhase section */
		CF9F00981BE2A9E000880D5E /* Resources */ = {
			isa = PBXResourcesBuildPhase;
			buildActionMask = 2147483647;
			files = (
				CF1486471BE6894C00E92097 /* home-32.png in Resources */,
				CFFCE33A1BE5088700285320 /* settings.png in Resources */,
				CF14863B1BE6841B00E92097 /* diagnosis.png in Resources */,
				CF9F00B31BE2AB9600880D5E /* login_wallpaper.jpg in Resources */,
				CF1486481BE6894C00E92097 /* user_shield_filled-32.png in Resources */,
				CF9F00A81BE2A9E000880D5E /* LaunchScreen.storyboard in Resources */,
				CF14863D1BE6841B00E92097 /* lab_results.jpeg in Resources */,
				CF9F00A51BE2A9E000880D5E /* Assets.xcassets in Resources */,
				CF9F00B01BE2AA1F00880D5E /* Podfile in Resources */,
				CF14863E1BE6841B00E92097 /* treatment.jpg in Resources */,
				CF14863A1BE6841B00E92097 /* condition_report.jpg in Resources */,
				CFFF186C1BE407FD0009889B /* home.jpg in Resources */,
				CFFCE3391BE5088700285320 /* envelope.png in Resources */,
				CF9F00A31BE2A9E000880D5E /* Main.storyboard in Resources */,
				CF1486441BE687B700E92097 /* medications.jpg in Resources */,
				CF14863C1BE6841B00E92097 /* diet_report.png in Resources */,
			);
			runOnlyForDeploymentPostprocessing = 0;
		};
/* End PBXResourcesBuildPhase section */

/* Begin PBXShellScriptBuildPhase section */
		0121E41AA230A60122295869 /* Check Pods Manifest.lock */ = {
			isa = PBXShellScriptBuildPhase;
			buildActionMask = 2147483647;
			files = (
			);
			inputPaths = (
			);
			name = "Check Pods Manifest.lock";
			outputPaths = (
			);
			runOnlyForDeploymentPostprocessing = 0;
			shellPath = /bin/sh;
			shellScript = "diff \"${PODS_ROOT}/../Podfile.lock\" \"${PODS_ROOT}/Manifest.lock\" > /dev/null\nif [[ $? != 0 ]] ; then\n    cat << EOM\nerror: The sandbox is not in sync with the Podfile.lock. Run 'pod install' or update your CocoaPods installation.\nEOM\n    exit 1\nfi\n";
			showEnvVarsInLog = 0;
		};
		66A2FB4DBF9787AEE057E521 /* Embed Pods Frameworks */ = {
			isa = PBXShellScriptBuildPhase;
			buildActionMask = 2147483647;
			files = (
			);
			inputPaths = (
			);
			name = "Embed Pods Frameworks";
			outputPaths = (
			);
			runOnlyForDeploymentPostprocessing = 0;
			shellPath = /bin/sh;
			shellScript = "\"${SRCROOT}/Pods/Target Support Files/Pods/Pods-frameworks.sh\"\n";
			showEnvVarsInLog = 0;
		};
		BFC9A791B42BEAB5C9440E66 /* Copy Pods Resources */ = {
			isa = PBXShellScriptBuildPhase;
			buildActionMask = 2147483647;
			files = (
			);
			inputPaths = (
			);
			name = "Copy Pods Resources";
			outputPaths = (
			);
			runOnlyForDeploymentPostprocessing = 0;
			shellPath = /bin/sh;
			shellScript = "\"${SRCROOT}/Pods/Target Support Files/Pods/Pods-resources.sh\"\n";
			showEnvVarsInLog = 0;
		};
/* End PBXShellScriptBuildPhase section */

/* Begin PBXSourcesBuildPhase section */
		CF9F00961BE2A9E000880D5E /* Sources */ = {
			isa = PBXSourcesBuildPhase;
			buildActionMask = 2147483647;
			files = (
				CFB66BF61BF7839A006F072B /* MedCell.swift in Sources */,
				CF1486551BE693CB00E92097 /* TreatmentTableViewController.swift in Sources */,
				CF14864A1BE68A8E00E92097 /* HomeViewController.swift in Sources */,
				CFFF18701BE40C3D0009889B /* SignupViewController.swift in Sources */,
				CF14864D1BE692BA00E92097 /* LabResultTableViewController.swift in Sources */,
				CFFF186E1BE408230009889B /* LoginViewController.swift in Sources */,
				CFFF18751BE45D780009889B /* UIViewController+SharedUIMethods.swift in Sources */,
				CF1486571BE693D900E92097 /* MedicationsTableViewController.swift in Sources */,
				CF65A7451BE7C4D700AE2A46 /* Constants.swift in Sources */,
				CF1486531BE693B500E92097 /* DiagnosisTableViewController.swift in Sources */,
				CF65A7421BE7C4AD00AE2A46 /* Manifest.swift in Sources */,
				CF03AD0C1BF24581008EAF06 /* File.swift in Sources */,
				CF65A75B1BE8021700AE2A46 /* LabResultTypeTableView.swift in Sources */,
				CFDA755D1C57036000C3E79E /* ChangePasswordFormViewController.swift in Sources */,
				CFE1420F1BF2CCB90023E48C /* SettingsTableViewController.swift in Sources */,
				CF14864F1BE6938E00E92097 /* ConditionReportTableViewController.swift in Sources */,
				CFB342591C075633002DAD88 /* LabCell.swift in Sources */,
				CF9F009E1BE2A9E000880D5E /* AppDelegate.swift in Sources */,
				CF1486511BE693A300E92097 /* DietReportTableViewController.swift in Sources */,
				CFB66BF91BF78D36006F072B /* NewMedicationTableView.swift in Sources */,
			);
			runOnlyForDeploymentPostprocessing = 0;
		};
/* End PBXSourcesBuildPhase section */

/* Begin PBXVariantGroup section */
		CF9F00A11BE2A9E000880D5E /* Main.storyboard */ = {
			isa = PBXVariantGroup;
			children = (
				CF9F00A21BE2A9E000880D5E /* Base */,
			);
			name = Main.storyboard;
			sourceTree = "<group>";
		};
		CF9F00A61BE2A9E000880D5E /* LaunchScreen.storyboard */ = {
			isa = PBXVariantGroup;
			children = (
				CF9F00A71BE2A9E000880D5E /* Base */,
			);
			name = LaunchScreen.storyboard;
			sourceTree = "<group>";
		};
/* End PBXVariantGroup section */

/* Begin XCBuildConfiguration section */
		CF9F00AA1BE2A9E000880D5E /* Debug */ = {
			isa = XCBuildConfiguration;
			buildSettings = {
				ALWAYS_SEARCH_USER_PATHS = NO;
				CLANG_CXX_LANGUAGE_STANDARD = "gnu++0x";
				CLANG_CXX_LIBRARY = "libc++";
				CLANG_ENABLE_MODULES = YES;
				CLANG_ENABLE_OBJC_ARC = YES;
				CLANG_WARN_BOOL_CONVERSION = YES;
				CLANG_WARN_CONSTANT_CONVERSION = YES;
				CLANG_WARN_DIRECT_OBJC_ISA_USAGE = YES_ERROR;
				CLANG_WARN_EMPTY_BODY = YES;
				CLANG_WARN_ENUM_CONVERSION = YES;
				CLANG_WARN_INT_CONVERSION = YES;
				CLANG_WARN_OBJC_ROOT_CLASS = YES_ERROR;
				CLANG_WARN_UNREACHABLE_CODE = YES;
				CLANG_WARN__DUPLICATE_METHOD_MATCH = YES;
				"CODE_SIGN_IDENTITY[sdk=iphoneos*]" = "iPhone Developer";
				COPY_PHASE_STRIP = NO;
				DEBUG_INFORMATION_FORMAT = dwarf;
				ENABLE_STRICT_OBJC_MSGSEND = YES;
				ENABLE_TESTABILITY = YES;
				GCC_C_LANGUAGE_STANDARD = gnu99;
				GCC_DYNAMIC_NO_PIC = NO;
				GCC_NO_COMMON_BLOCKS = YES;
				GCC_OPTIMIZATION_LEVEL = 0;
				GCC_PREPROCESSOR_DEFINITIONS = (
					"DEBUG=1",
					"$(inherited)",
				);
				GCC_WARN_64_TO_32_BIT_CONVERSION = YES;
				GCC_WARN_ABOUT_RETURN_TYPE = YES_ERROR;
				GCC_WARN_UNDECLARED_SELECTOR = YES;
				GCC_WARN_UNINITIALIZED_AUTOS = YES_AGGRESSIVE;
				GCC_WARN_UNUSED_FUNCTION = YES;
				GCC_WARN_UNUSED_VARIABLE = YES;
				IPHONEOS_DEPLOYMENT_TARGET = 9.1;
				MTL_ENABLE_DEBUG_INFO = YES;
				ONLY_ACTIVE_ARCH = YES;
				SDKROOT = iphoneos;
				SWIFT_OPTIMIZATION_LEVEL = "-Onone";
				TARGETED_DEVICE_FAMILY = "1,2";
			};
			name = Debug;
		};
		CF9F00AB1BE2A9E000880D5E /* Release */ = {
			isa = XCBuildConfiguration;
			buildSettings = {
				ALWAYS_SEARCH_USER_PATHS = NO;
				CLANG_CXX_LANGUAGE_STANDARD = "gnu++0x";
				CLANG_CXX_LIBRARY = "libc++";
				CLANG_ENABLE_MODULES = YES;
				CLANG_ENABLE_OBJC_ARC = YES;
				CLANG_WARN_BOOL_CONVERSION = YES;
				CLANG_WARN_CONSTANT_CONVERSION = YES;
				CLANG_WARN_DIRECT_OBJC_ISA_USAGE = YES_ERROR;
				CLANG_WARN_EMPTY_BODY = YES;
				CLANG_WARN_ENUM_CONVERSION = YES;
				CLANG_WARN_INT_CONVERSION = YES;
				CLANG_WARN_OBJC_ROOT_CLASS = YES_ERROR;
				CLANG_WARN_UNREACHABLE_CODE = YES;
				CLANG_WARN__DUPLICATE_METHOD_MATCH = YES;
				"CODE_SIGN_IDENTITY[sdk=iphoneos*]" = "iPhone Developer";
				COPY_PHASE_STRIP = NO;
				DEBUG_INFORMATION_FORMAT = "dwarf-with-dsym";
				ENABLE_NS_ASSERTIONS = NO;
				ENABLE_STRICT_OBJC_MSGSEND = YES;
				GCC_C_LANGUAGE_STANDARD = gnu99;
				GCC_NO_COMMON_BLOCKS = YES;
				GCC_WARN_64_TO_32_BIT_CONVERSION = YES;
				GCC_WARN_ABOUT_RETURN_TYPE = YES_ERROR;
				GCC_WARN_UNDECLARED_SELECTOR = YES;
				GCC_WARN_UNINITIALIZED_AUTOS = YES_AGGRESSIVE;
				GCC_WARN_UNUSED_FUNCTION = YES;
				GCC_WARN_UNUSED_VARIABLE = YES;
				IPHONEOS_DEPLOYMENT_TARGET = 9.1;
				MTL_ENABLE_DEBUG_INFO = NO;
				SDKROOT = iphoneos;
				TARGETED_DEVICE_FAMILY = "1,2";
				VALIDATE_PRODUCT = YES;
			};
			name = Release;
		};
		CF9F00AD1BE2A9E000880D5E /* Debug */ = {
			isa = XCBuildConfiguration;
			baseConfigurationReference = D6EB677E82D0CD9836BC8DC7 /* Pods.debug.xcconfig */;
			buildSettings = {
				ASSETCATALOG_COMPILER_APPICON_NAME = AppIcon;
				CLANG_ENABLE_MODULES = YES;
				INFOPLIST_FILE = DiabetesTracking/Info.plist;
				LD_RUNPATH_SEARCH_PATHS = "$(inherited) @executable_path/Frameworks";
				PRODUCT_BUNDLE_IDENTIFIER = EFA.DiabetesTracking;
				PRODUCT_NAME = "$(TARGET_NAME)";
				SWIFT_OBJC_BRIDGING_HEADER = "DiabetesTracking-Bridging-Header.h";
				SWIFT_OPTIMIZATION_LEVEL = "-Onone";
			};
			name = Debug;
		};
		CF9F00AE1BE2A9E000880D5E /* Release */ = {
			isa = XCBuildConfiguration;
			baseConfigurationReference = 73162DC1405246BB246F610A /* Pods.release.xcconfig */;
			buildSettings = {
				ASSETCATALOG_COMPILER_APPICON_NAME = AppIcon;
				CLANG_ENABLE_MODULES = YES;
				INFOPLIST_FILE = DiabetesTracking/Info.plist;
				LD_RUNPATH_SEARCH_PATHS = "$(inherited) @executable_path/Frameworks";
				PRODUCT_BUNDLE_IDENTIFIER = EFA.DiabetesTracking;
				PRODUCT_NAME = "$(TARGET_NAME)";
				SWIFT_OBJC_BRIDGING_HEADER = "DiabetesTracking-Bridging-Header.h";
			};
			name = Release;
		};
/* End XCBuildConfiguration section */

/* Begin XCConfigurationList section */
		CF9F00951BE2A9E000880D5E /* Build configuration list for PBXProject "DiabetesTracking" */ = {
			isa = XCConfigurationList;
			buildConfigurations = (
				CF9F00AA1BE2A9E000880D5E /* Debug */,
				CF9F00AB1BE2A9E000880D5E /* Release */,
			);
			defaultConfigurationIsVisible = 0;
			defaultConfigurationName = Release;
		};
		CF9F00AC1BE2A9E000880D5E /* Build configuration list for PBXNativeTarget "DiabetesTracking" */ = {
			isa = XCConfigurationList;
			buildConfigurations = (
				CF9F00AD1BE2A9E000880D5E /* Debug */,
				CF9F00AE1BE2A9E000880D5E /* Release */,
			);
			defaultConfigurationIsVisible = 0;
			defaultConfigurationName = Release;
		};
/* End XCConfigurationList section */
	};
	rootObject = CF9F00921BE2A9E000880D5E /* Project object */;
}
